{
  "name": "quipsy",
  "lockfileVersion": 3,
  "requires": true,
  "packages": {
    "": {
      "dependencies": {
        "@nexus/schema": "^0.20.1"
      }
    },
    "node_modules/@nexus/schema": {
      "version": "0.20.1",
      "resolved": "https://registry.npmjs.org/@nexus/schema/-/schema-0.20.1.tgz",
      "integrity": "sha512-8J9On+L1aS7a17tOCJ2l0prA9tltEmla3lV3lpAjL3HCih5DGYCOkmExMS5dVVRKxOu9QjoOEP2bl8qy2Gc36g==",
      "deprecated": "@nexus/schema was renamed to nexus on December 14 2020. @nexus/schema@0.20 corresponds to nexus@1.0.0. There will be no more publishing done on this package. Please switch to the nexus package.",
      "hasInstallScript": true,
      "dependencies": {
        "iterall": "^1.3.0",
        "tslib": "^2.0.3"
      },
      "peerDependencies": {
        "graphql": "^14.5.8 || 15.x"
      }
    },
    "node_modules/graphql": {
      "version": "15.8.0",
      "resolved": "https://registry.npmjs.org/graphql/-/graphql-15.8.0.tgz",
      "integrity": "sha512-5gghUc24tP9HRznNpV2+FIoq3xKkj5dTQqf4v0CpdPbFVwFkWoxOM+o+2OC9ZSvjEMTjfmG9QT+gcvggTwW1zw==",
      "peer": true,
      "engines": {
        "node": ">= 10.x"
      }
    },
    "node_modules/iterall": {
      "version": "1.3.0",
      "resolved": "https://registry.npmjs.org/iterall/-/iterall-1.3.0.tgz",
      "integrity": "sha512-QZ9qOMdF+QLHxy1QIpUHUU1D5pS2CG2P69LF6L6CPjPYA/XMOmKV3PZpawHoAjHNyB0swdVTRxdYT4tbBbxqwg=="
    },
    "node_modules/tslib": {
      "version": "2.5.0",
      "resolved": "https://registry.npmjs.org/tslib/-/tslib-2.5.0.tgz",
      "integrity": "sha512-336iVw3rtn2BUK7ORdIAHTyxHGRIHVReokCR3XjbckJMK7ms8FysBfhLR8IXnAgy7T0PTPNBWKiH514FOW/WSg=="
    }
  }
}
